
Microsoft Visual Studio Solution File, Format Version 12.00
# Visual Studio 2012
Project("{FAE04EC0-301F-11D3-BF4B-00C04F79EFBC}") = "GETTAXINFO", "GETTAXINFO\GETTAXINFO.csproj", "{7BB9AAB8-9203-4B2C-93AA-4565BB9F1A32}"
EndProject
Global
	GlobalSection(SolutionConfigurationPlatforms) = preSolution
		Debug|Any CPU = Debug|Any CPU
		Release|Any CPU = Release|Any CPU
	EndGlobalSection
	GlobalSection(ProjectConfigurationPlatforms) = postSolution
		{7BB9AAB8-9203-4B2C-93AA-4565BB9F1A32}.Debug|Any CPU.ActiveCfg = Debug|Any CPU
		{7BB9AAB8-9203-4B2C-93AA-4565BB9F1A32}.Debug|Any CPU.Build.0 = Debug|Any CPU
		{7BB9AAB8-9203-4B2C-93AA-4565BB9F1A32}.Release|Any CPU.ActiveCfg = Release|Any CPU
		{7BB9AAB8-9203-4B2C-93AA-4565BB9F1A32}.Release|Any CPU.Build.0 = Release|Any CPU
	EndGlobalSection
EndGlobal
